// !$*UTF8*$!
{
	archiveVersion = 1;
	classes = {
	};
	objectVersion = 46;
	objects = {

/* Begin PBXBuildFile section */
		A43963281EF353D400C9903E /* main.m in Sources */ = {isa = PBXBuildFile; fileRef = A43963271EF353D400C9903E /* main.m */; };
		A43963311EF353D400C9903E /* Main.storyboard in Resources */ = {isa = PBXBuildFile; fileRef = A439632F1EF353D400C9903E /* Main.storyboard */; };
		A43963361EF353D400C9903E /* LaunchScreen.storyboard in Resources */ = {isa = PBXBuildFile; fileRef = A43963341EF353D400C9903E /* LaunchScreen.storyboard */; };
		A43A29621EF8D8A6002206A6 /* AppDelegate.m in Sources */ = {isa = PBXBuildFile; fileRef = A43A295A1EF8D8A6002206A6 /* AppDelegate.m */; };
		A43A29631EF8D8A6002206A6 /* Assets.xcassets in Resources */ = {isa = PBXBuildFile; fileRef = A43A295B1EF8D8A6002206A6 /* Assets.xcassets */; };
		A43A29641EF8D8A6002206A6 /* Info.plist in Resources */ = {isa = PBXBuildFile; fileRef = A43A295C1EF8D8A6002206A6 /* Info.plist */; };
		A43A29651EF8D8A6002206A6 /* main.m in Sources */ = {isa = PBXBuildFile; fileRef = A43A295D1EF8D8A6002206A6 /* main.m */; };
/* End PBXBuildFile section */

/* Begin PBXFileReference section */
		A43963231EF353D400C9903E /* BaiSiBuDeJie.app */ = {isa = PBXFileReference; explicitFileType = wrapper.application; includeInIndex = 0; path = BaiSiBuDeJie.app; sourceTree = BUILT_PRODUCTS_DIR; };
		A43963271EF353D400C9903E /* main.m */ = {isa = PBXFileReference; lastKnownFileType = sourcecode.c.objc; path = main.m; sourceTree = "<group>"; };
		A43963301EF353D400C9903E /* Base */ = {isa = PBXFileReference; lastKnownFileType = file.storyboard; name = Base; path = Base.lproj/Main.storyboard; sourceTree = "<group>"; };
		A43963351EF353D400C9903E /* Base */ = {isa = PBXFileReference; lastKnownFileType = file.storyboard; name = Base; path = Base.lproj/LaunchScreen.storyboard; sourceTree = "<group>"; };
		A43A29591EF8D8A6002206A6 /* AppDelegate.h */ = {isa = PBXFileReference; fileEncoding = 4; lastKnownFileType = sourcecode.c.h; name = AppDelegate.h; path = Other/AppDelegate.h; sourceTree = "<group>"; };
		A43A295A1EF8D8A6002206A6 /* AppDelegate.m */ = {isa = PBXFileReference; fileEncoding = 4; lastKnownFileType = sourcecode.c.objc; name = AppDelegate.m; path = Other/AppDelegate.m; sourceTree = "<group>"; };
		A43A295B1EF8D8A6002206A6 /* Assets.xcassets */ = {isa = PBXFileReference; lastKnownFileType = folder.assetcatalog; name = Assets.xcassets; path = Classes/Other/Assets.xcassets; sourceTree = "<group>"; };
		A43A295C1EF8D8A6002206A6 /* Info.plist */ = {isa = PBXFileReference; fileEncoding = 4; lastKnownFileType = text.plist.xml; name = Info.plist; path = Classes/Other/Info.plist; sourceTree = "<group>"; };
		A43A295D1EF8D8A6002206A6 /* main.m */ = {isa = PBXFileReference; fileEncoding = 4; lastKnownFileType = sourcecode.c.objc; path = main.m; sourceTree = "<group>"; };
/* End PBXFileReference section */

/* Begin PBXFrameworksBuildPhase section */
		A43963201EF353D400C9903E /* Frameworks */ = {
			isa = PBXFrameworksBuildPhase;
			buildActionMask = 2147483647;
			files = (
			);
			runOnlyForDeploymentPostprocessing = 0;
		};
/* End PBXFrameworksBuildPhase section */

/* Begin PBXGroup section */
		A439631A1EF353D400C9903E = {
			isa = PBXGroup;
			children = (
				A43963251EF353D400C9903E /* BaiSiBuDeJie */,
				A43963241EF353D400C9903E /* Products */,
			);
			sourceTree = "<group>";
		};
		A43963241EF353D400C9903E /* Products */ = {
			isa = PBXGroup;
			children = (
				A43963231EF353D400C9903E /* BaiSiBuDeJie.app */,
			);
			name = Products;
			sourceTree = "<group>";
		};
		A43963251EF353D400C9903E /* BaiSiBuDeJie */ = {
			isa = PBXGroup;
			children = (
				A43A29471EF8D8A6002206A6 /* Classes */,
				A43A295B1EF8D8A6002206A6 /* Assets.xcassets */,
				A43A295C1EF8D8A6002206A6 /* Info.plist */,
				A43963261EF353D400C9903E /* Supporting Files */,
			);
			path = BaiSiBuDeJie;
			sourceTree = "<group>";
		};
		A43963261EF353D400C9903E /* Supporting Files */ = {
			isa = PBXGroup;
			children = (
				A43963271EF353D400C9903E /* main.m */,
			);
			name = "Supporting Files";
			sourceTree = "<group>";
		};
		A43A29471EF8D8A6002206A6 /* Classes */ = {
			isa = PBXGroup;
			children = (
				A43A29591EF8D8A6002206A6 /* AppDelegate.h */,
				A43A295A1EF8D8A6002206A6 /* AppDelegate.m */,
				A43A29481EF8D8A6002206A6 /* Essence */,
				A43A294C1EF8D8A6002206A6 /* FriendTrend */,
				A43A29501EF8D8A6002206A6 /* Main */,
				A43A29541EF8D8A6002206A6 /* New */,
				A43A29581EF8D8A6002206A6 /* Other */,
				A43A295E1EF8D8A6002206A6 /* Public */,
			);
			path = Classes;
			sourceTree = "<group>";
		};
		A43A29481EF8D8A6002206A6 /* Essence */ = {
			isa = PBXGroup;
			children = (
				A43A29491EF8D8A6002206A6 /* Controller */,
				A43A294A1EF8D8A6002206A6 /* Model */,
				A43A294B1EF8D8A6002206A6 /* View */,
			);
			path = Essence;
			sourceTree = "<group>";
		};
		A43A29491EF8D8A6002206A6 /* Controller */ = {
			isa = PBXGroup;
			children = (
			);
			path = Controller;
			sourceTree = "<group>";
		};
		A43A294A1EF8D8A6002206A6 /* Model */ = {
			isa = PBXGroup;
			children = (
			);
			path = Model;
			sourceTree = "<group>";
		};
		A43A294B1EF8D8A6002206A6 /* View */ = {
			isa = PBXGroup;
			children = (
			);
			path = View;
			sourceTree = "<group>";
		};
		A43A294C1EF8D8A6002206A6 /* FriendTrend */ = {
			isa = PBXGroup;
			children = (
				A43A294D1EF8D8A6002206A6 /* Controller */,
				A43A294E1EF8D8A6002206A6 /* Model */,
				A43A294F1EF8D8A6002206A6 /* View */,
			);
			path = FriendTrend;
			sourceTree = "<group>";
		};
		A43A294D1EF8D8A6002206A6 /* Controller */ = {
			isa = PBXGroup;
			children = (
			);
			path = Controller;
			sourceTree = "<group>";
		};
		A43A294E1EF8D8A6002206A6 /* Model */ = {
			isa = PBXGroup;
			children = (
			);
			path = Model;
			sourceTree = "<group>";
		};
		A43A294F1EF8D8A6002206A6 /* View */ = {
			isa = PBXGroup;
			children = (
			);
			path = View;
			sourceTree = "<group>";
		};
		A43A29501EF8D8A6002206A6 /* Main */ = {
			isa = PBXGroup;
			children = (
				A43A29511EF8D8A6002206A6 /* Controller */,
				A43A29521EF8D8A6002206A6 /* Model */,
				A43A29531EF8D8A6002206A6 /* View */,
			);
			path = Main;
			sourceTree = "<group>";
		};
		A43A29511EF8D8A6002206A6 /* Controller */ = {
			isa = PBXGroup;
			children = (
			);
			path = Controller;
			sourceTree = "<group>";
		};
		A43A29521EF8D8A6002206A6 /* Model */ = {
			isa = PBXGroup;
			children = (
			);
			path = Model;
			sourceTree = "<group>";
		};
		A43A29531EF8D8A6002206A6 /* View */ = {
			isa = PBXGroup;
			children = (
			);
			path = View;
			sourceTree = "<group>";
		};
		A43A29541EF8D8A6002206A6 /* New */ = {
			isa = PBXGroup;
			children = (
				A43A29551EF8D8A6002206A6 /* Controller */,
				A43A29561EF8D8A6002206A6 /* Model */,
				A43A29571EF8D8A6002206A6 /* View */,
			);
			path = New;
			sourceTree = "<group>";
		};
		A43A29551EF8D8A6002206A6 /* Controller */ = {
			isa = PBXGroup;
			children = (
			);
			path = Controller;
			sourceTree = "<group>";
		};
		A43A29561EF8D8A6002206A6 /* Model */ = {
			isa = PBXGroup;
			children = (
			);
			path = Model;
			sourceTree = "<group>";
		};
		A43A29571EF8D8A6002206A6 /* View */ = {
			isa = PBXGroup;
			children = (
			);
			path = View;
			sourceTree = "<group>";
		};
		A43A29581EF8D8A6002206A6 /* Other */ = {
			isa = PBXGroup;
			children = (
				A439632F1EF353D400C9903E /* Main.storyboard */,
				A43963341EF353D400C9903E /* LaunchScreen.storyboard */,
				A43A295D1EF8D8A6002206A6 /* main.m */,
			);
			path = Other;
			sourceTree = "<group>";
		};
		A43A295E1EF8D8A6002206A6 /* Public */ = {
			isa = PBXGroup;
			children = (
				A43A295F1EF8D8A6002206A6 /* Controller */,
				A43A29601EF8D8A6002206A6 /* Model */,
				A43A29611EF8D8A6002206A6 /* View */,
			);
			path = Public;
			sourceTree = "<group>";
		};
		A43A295F1EF8D8A6002206A6 /* Controller */ = {
			isa = PBXGroup;
			children = (
			);
			path = Controller;
			sourceTree = "<group>";
		};
		A43A29601EF8D8A6002206A6 /* Model */ = {
			isa = PBXGroup;
			children = (
			);
			path = Model;
			sourceTree = "<group>";
		};
		A43A29611EF8D8A6002206A6 /* View */ = {
			isa = PBXGroup;
			children = (
			);
			path = View;
			sourceTree = "<group>";
		};
/* End PBXGroup section */

/* Begin PBXNativeTarget section */
		A43963221EF353D400C9903E /* BaiSiBuDeJie */ = {
			isa = PBXNativeTarget;
			buildConfigurationList = A439633A1EF353D400C9903E /* Build configuration list for PBXNativeTarget "BaiSiBuDeJie" */;
			buildPhases = (
				A439631F1EF353D400C9903E /* Sources */,
				A43963201EF353D400C9903E /* Frameworks */,
				A43963211EF353D400C9903E /* Resources */,
			);
			buildRules = (
			);
			dependencies = (
			);
			name = BaiSiBuDeJie;
			productName = BaiSiBuDeJie;
			productReference = A43963231EF353D400C9903E /* BaiSiBuDeJie.app */;
			productType = "com.apple.product-type.application";
		};
/* End PBXNativeTarget section */

/* Begin PBXProject section */
		A439631B1EF353D400C9903E /* Project object */ = {
			isa = PBXProject;
			attributes = {
				CLASSPREFIX = YG;
				LastUpgradeCheck = 0830;
				ORGANIZATIONNAME = YG;
				TargetAttributes = {
					A43963221EF353D400C9903E = {
						CreatedOnToolsVersion = 8.3.3;
						DevelopmentTeam = AY38N8FYFG;
						ProvisioningStyle = Automatic;
					};
				};
			};
			buildConfigurationList = A439631E1EF353D400C9903E /* Build configuration list for PBXProject "BaiSiBuDeJie" */;
			compatibilityVersion = "Xcode 3.2";
			developmentRegion = English;
			hasScannedForEncodings = 0;
			knownRegions = (
				en,
				Base,
			);
			mainGroup = A439631A1EF353D400C9903E;
			productRefGroup = A43963241EF353D400C9903E /* Products */;
			projectDirPath = "";
			projectRoot = "";
			targets = (
				A43963221EF353D400C9903E /* BaiSiBuDeJie */,
			);
		};
/* End PBXProject section */

/* Begin PBXResourcesBuildPhase section */
		A43963211EF353D400C9903E /* Resources */ = {
			isa = PBXResourcesBuildPhase;
			buildActionMask = 2147483647;
			files = (
				A43963361EF353D400C9903E /* LaunchScreen.storyboard in Resources */,
				A43A29631EF8D8A6002206A6 /* Assets.xcassets in Resources */,
				A43A29641EF8D8A6002206A6 /* Info.plist in Resources */,
				A43963311EF353D400C9903E /* Main.storyboard in Resources */,
			);
			runOnlyForDeploymentPostprocessing = 0;
		};
/* End PBXResourcesBuildPhase section */

/* Begin PBXSourcesBuildPhase section */
		A439631F1EF353D400C9903E /* Sources */ = {
			isa = PBXSourcesBuildPhase;
			buildActionMask = 2147483647;
			files = (
				A43A29651EF8D8A6002206A6 /* main.m in Sources */,
				A43A29621EF8D8A6002206A6 /* AppDelegate.m in Sources */,
				A43963281EF353D400C9903E /* main.m in Sources */,
			);
			runOnlyForDeploymentPostprocessing = 0;
		};
/* End PBXSourcesBuildPhase section */

/* Begin PBXVariantGroup section */
		A439632F1EF353D400C9903E /* Main.storyboard */ = {
			isa = PBXVariantGroup;
			children = (
				A43963301EF353D400C9903E /* Base */,
			);
			name = Main.storyboard;
			path = ../..;
			sourceTree = "<group>";
		};
		A43963341EF353D400C9903E /* LaunchScreen.storyboard */ = {
			isa = PBXVariantGroup;
			children = (
				A43963351EF353D400C9903E /* Base */,
			);
			name = LaunchScreen.storyboard;
			path = ../..;
			sourceTree = "<group>";
		};
/* End PBXVariantGroup section */

/* Begin XCBuildConfiguration section */
		A43963381EF353D400C9903E /* Debug */ = {
			isa = XCBuildConfiguration;
			buildSettings = {
				ALWAYS_SEARCH_USER_PATHS = NO;
				CLANG_ANALYZER_NONNULL = YES;
				CLANG_ANALYZER_NUMBER_OBJECT_CONVERSION = YES_AGGRESSIVE;
				CLANG_CXX_LANGUAGE_STANDARD = "gnu++0x";
				CLANG_CXX_LIBRARY = "libc++";
				CLANG_ENABLE_MODULES = YES;
				CLANG_ENABLE_OBJC_ARC = YES;
				CLANG_WARN_BOOL_CONVERSION = YES;
				CLANG_WARN_CONSTANT_CONVERSION = YES;
				CLANG_WARN_DIRECT_OBJC_ISA_USAGE = YES_ERROR;
				CLANG_WARN_DOCUMENTATION_COMMENTS = YES;
				CLANG_WARN_EMPTY_BODY = YES;
				CLANG_WARN_ENUM_CONVERSION = YES;
				CLANG_WARN_INFINITE_RECURSION = YES;
				CLANG_WARN_INT_CONVERSION = YES;
				CLANG_WARN_OBJC_ROOT_CLASS = YES_ERROR;
				CLANG_WARN_SUSPICIOUS_MOVE = YES;
				CLANG_WARN_UNREACHABLE_CODE = YES;
				CLANG_WARN__DUPLICATE_METHOD_MATCH = YES;
				"CODE_SIGN_IDENTITY[sdk=iphoneos*]" = "iPhone Developer";
				COPY_PHASE_STRIP = NO;
				DEBUG_INFORMATION_FORMAT = dwarf;
				ENABLE_STRICT_OBJC_MSGSEND = YES;
				ENABLE_TESTABILITY = YES;
				GCC_C_LANGUAGE_STANDARD = gnu99;
				GCC_DYNAMIC_NO_PIC = NO;
				GCC_NO_COMMON_BLOCKS = YES;
				GCC_OPTIMIZATION_LEVEL = 0;
				GCC_PREPROCESSOR_DEFINITIONS = (
					"DEBUG=1",
					"$(inherited)",
				);
				GCC_WARN_64_TO_32_BIT_CONVERSION = YES;
				GCC_WARN_ABOUT_RETURN_TYPE = YES_ERROR;
				GCC_WARN_UNDECLARED_SELECTOR = YES;
				GCC_WARN_UNINITIALIZED_AUTOS = YES_AGGRESSIVE;
				GCC_WARN_UNUSED_FUNCTION = YES;
				GCC_WARN_UNUSED_VARIABLE = YES;
				IPHONEOS_DEPLOYMENT_TARGET = 8.0;
				MTL_ENABLE_DEBUG_INFO = YES;
				ONLY_ACTIVE_ARCH = YES;
				SDKROOT = iphoneos;
			};
			name = Debug;
		};
		A43963391EF353D400C9903E /* Release */ = {
			isa = XCBuildConfiguration;
			buildSettings = {
				ALWAYS_SEARCH_USER_PATHS = NO;
				CLANG_ANALYZER_NONNULL = YES;
				CLANG_ANALYZER_NUMBER_OBJECT_CONVERSION = YES_AGGRESSIVE;
				CLANG_CXX_LANGUAGE_STANDARD = "gnu++0x";
				CLANG_CXX_LIBRARY = "libc++";
				CLANG_ENABLE_MODULES = YES;
				CLANG_ENABLE_OBJC_ARC = YES;
				CLANG_WARN_BOOL_CONVERSION = YES;
				CLANG_WARN_CONSTANT_CONVERSION = YES;
				CLANG_WARN_DIRECT_OBJC_ISA_USAGE = YES_ERROR;
				CLANG_WARN_DOCUMENTATION_COMMENTS = YES;
				CLANG_WARN_EMPTY_BODY = YES;
				CLANG_WARN_ENUM_CONVERSION = YES;
				CLANG_WARN_INFINITE_RECURSION = YES;
				CLANG_WARN_INT_CONVERSION = YES;
				CLANG_WARN_OBJC_ROOT_CLASS = YES_ERROR;
				CLANG_WARN_SUSPICIOUS_MOVE = YES;
				CLANG_WARN_UNREACHABLE_CODE = YES;
				CLANG_WARN__DUPLICATE_METHOD_MATCH = YES;
				"CODE_SIGN_IDENTITY[sdk=iphoneos*]" = "iPhone Developer";
				COPY_PHASE_STRIP = NO;
				DEBUG_INFORMATION_FORMAT = "dwarf-with-dsym";
				ENABLE_NS_ASSERTIONS = NO;
				ENABLE_STRICT_OBJC_MSGSEND = YES;
				GCC_C_LANGUAGE_STANDARD = gnu99;
				GCC_NO_COMMON_BLOCKS = YES;
				GCC_WARN_64_TO_32_BIT_CONVERSION = YES;
				GCC_WARN_ABOUT_RETURN_TYPE = YES_ERROR;
				GCC_WARN_UNDECLARED_SELECTOR = YES;
				GCC_WARN_UNINITIALIZED_AUTOS = YES_AGGRESSIVE;
				GCC_WARN_UNUSED_FUNCTION = YES;
				GCC_WARN_UNUSED_VARIABLE = YES;
				IPHONEOS_DEPLOYMENT_TARGET = 8.0;
				MTL_ENABLE_DEBUG_INFO = NO;
				SDKROOT = iphoneos;
				VALIDATE_PRODUCT = YES;
			};
			name = Release;
		};
		A439633B1EF353D400C9903E /* Debug */ = {
			isa = XCBuildConfiguration;
			buildSettings = {
				ASSETCATALOG_COMPILER_APPICON_NAME = AppIcon;
				ASSETCATALOG_COMPILER_LAUNCHIMAGE_NAME = LaunchImage;
				DEVELOPMENT_TEAM = AY38N8FYFG;
				INFOPLIST_FILE = BaiSiBuDeJie/Info.plist;
				IPHONEOS_DEPLOYMENT_TARGET = 8.0;
				LD_RUNPATH_SEARCH_PATHS = "$(inherited) @executable_path/Frameworks";
				PRODUCT_BUNDLE_IDENTIFIER = com.YG.BaiSiBuDeJie;
				PRODUCT_NAME = "$(TARGET_NAME)";
			};
			name = Debug;
		};
		A439633C1EF353D400C9903E /* Release */ = {
			isa = XCBuildConfiguration;
			buildSettings = {
				ASSETCATALOG_COMPILER_APPICON_NAME = AppIcon;
				ASSETCATALOG_COMPILER_LAUNCHIMAGE_NAME = LaunchImage;
				DEVELOPMENT_TEAM = AY38N8FYFG;
				INFOPLIST_FILE = BaiSiBuDeJie/Info.plist;
				IPHONEOS_DEPLOYMENT_TARGET = 8.0;
				LD_RUNPATH_SEARCH_PATHS = "$(inherited) @executable_path/Frameworks";
				PRODUCT_BUNDLE_IDENTIFIER = com.YG.BaiSiBuDeJie;
				PRODUCT_NAME = "$(TARGET_NAME)";
			};
			name = Release;
		};
/* End XCBuildConfiguration section */

/* Begin XCConfigurationList section */
		A439631E1EF353D400C9903E /* Build configuration list for PBXProject "BaiSiBuDeJie" */ = {
			isa = XCConfigurationList;
			buildConfigurations = (
				A43963381EF353D400C9903E /* Debug */,
				A43963391EF353D400C9903E /* Release */,
			);
			defaultConfigurationIsVisible = 0;
			defaultConfigurationName = Release;
		};
		A439633A1EF353D400C9903E /* Build configuration list for PBXNativeTarget "BaiSiBuDeJie" */ = {
			isa = XCConfigurationList;
			buildConfigurations = (
				A439633B1EF353D400C9903E /* Debug */,
				A439633C1EF353D400C9903E /* Release */,
			);
			defaultConfigurationIsVisible = 0;
			defaultConfigurationName = Release;
		};
/* End XCConfigurationList section */
	};
	rootObject = A439631B1EF353D400C9903E /* Project object */;
}
