// !$*UTF8*$!
{
	archiveVersion = 1;
	classes = {
	};
	objectVersion = 46;
	objects = {

/* Begin PBXBuildFile section */
		5FD76BAFFBABC194706B2E0B /* libPods-BaiSiBuDeJie.a in Frameworks */ = {isa = PBXBuildFile; fileRef = 38F427BC919F535100D99F6E /* libPods-BaiSiBuDeJie.a */; };
		A41F25621EF959DE002145F8 /* YGNetManager.m in Sources */ = {isa = PBXBuildFile; fileRef = A41F25611EF959DE002145F8 /* YGNetManager.m */; };
		A43963311EF353D400C9903E /* Main.storyboard in Resources */ = {isa = PBXBuildFile; fileRef = A439632F1EF353D400C9903E /* Main.storyboard */; };
		A43963361EF353D400C9903E /* LaunchScreen.storyboard in Resources */ = {isa = PBXBuildFile; fileRef = A43963341EF353D400C9903E /* LaunchScreen.storyboard */; };
		A43A29761EF8DE26002206A6 /* AppDelegate.m in Sources */ = {isa = PBXBuildFile; fileRef = A43A29721EF8DE26002206A6 /* AppDelegate.m */; };
		A43A29771EF8DE26002206A6 /* Assets.xcassets in Resources */ = {isa = PBXBuildFile; fileRef = A43A29731EF8DE26002206A6 /* Assets.xcassets */; };
		A43A29791EF8DE26002206A6 /* main.m in Sources */ = {isa = PBXBuildFile; fileRef = A43A29751EF8DE26002206A6 /* main.m */; };
		A43A297B1EF8DE49002206A6 /* Info.plist in Resources */ = {isa = PBXBuildFile; fileRef = A43A297A1EF8DE49002206A6 /* Info.plist */; };
		A43BC0351EFB41F9002A8F96 /* UITextField+placeholder.m in Sources */ = {isa = PBXBuildFile; fileRef = A43BC0341EFB41F9002A8F96 /* UITextField+placeholder.m */; };
		A43BC0371EFB552B002A8F96 /* YGMeViewController.storyboard in Resources */ = {isa = PBXBuildFile; fileRef = A43BC0361EFB552B002A8F96 /* YGMeViewController.storyboard */; };
		A43BC03B1EFB5D30002A8F96 /* YGSquareCell.m in Sources */ = {isa = PBXBuildFile; fileRef = A43BC0391EFB5D30002A8F96 /* YGSquareCell.m */; };
		A43BC03C1EFB5D30002A8F96 /* YGSquareCell.xib in Resources */ = {isa = PBXBuildFile; fileRef = A43BC03A1EFB5D30002A8F96 /* YGSquareCell.xib */; };
		A45097591EF948CF00AB6503 /* YGADViewController.m in Sources */ = {isa = PBXBuildFile; fileRef = A45097581EF948CF00AB6503 /* YGADViewController.m */; };
		A450975D1EF949EF00AB6503 /* YGADViewController.xib in Resources */ = {isa = PBXBuildFile; fileRef = A450975C1EF949EF00AB6503 /* YGADViewController.xib */; };
		A45097611EF954A400AB6503 /* YGADItem.m in Sources */ = {isa = PBXBuildFile; fileRef = A45097601EF954A400AB6503 /* YGADItem.m */; };
		A4660F321EFA08A500D75D1E /* YGRecommendCell.m in Sources */ = {isa = PBXBuildFile; fileRef = A4660F301EFA08A500D75D1E /* YGRecommendCell.m */; };
		A4660F331EFA08A500D75D1E /* YGRecommendCell.xib in Resources */ = {isa = PBXBuildFile; fileRef = A4660F311EFA08A500D75D1E /* YGRecommendCell.xib */; };
		A4660F361EFA10AE00D75D1E /* UIImage+Round.m in Sources */ = {isa = PBXBuildFile; fileRef = A4660F351EFA10AE00D75D1E /* UIImage+Round.m */; };
		A4660F391EFA152200D75D1E /* UIImageView+round.m in Sources */ = {isa = PBXBuildFile; fileRef = A4660F381EFA152200D75D1E /* UIImageView+round.m */; };
		A4660F3B1EFA23D700D75D1E /* CFunctionImplement.m in Sources */ = {isa = PBXBuildFile; fileRef = A4660F3A1EFA23D700D75D1E /* CFunctionImplement.m */; };
		A4660F3D1EFA30EE00D75D1E /* YGFriendTrendViewController.xib in Resources */ = {isa = PBXBuildFile; fileRef = A4660F3C1EFA30EE00D75D1E /* YGFriendTrendViewController.xib */; };
		A4660F451EFA35A500D75D1E /* YGLoginViewController.m in Sources */ = {isa = PBXBuildFile; fileRef = A4660F431EFA35A500D75D1E /* YGLoginViewController.m */; };
		A4660F461EFA35A500D75D1E /* YGLoginViewController.xib in Resources */ = {isa = PBXBuildFile; fileRef = A4660F441EFA35A500D75D1E /* YGLoginViewController.xib */; };
		A4660F4E1EFA4BBA00D75D1E /* YGLoginRegisterMiddleView.m in Sources */ = {isa = PBXBuildFile; fileRef = A4660F4D1EFA4BBA00D75D1E /* YGLoginRegisterMiddleView.m */; };
		A4660F501EFA4BC300D75D1E /* YGLoginRegisterMiddleView.xib in Resources */ = {isa = PBXBuildFile; fileRef = A4660F4F1EFA4BC300D75D1E /* YGLoginRegisterMiddleView.xib */; };
		A4660F531EFA603600D75D1E /* YGThirdBoardLoginView.m in Sources */ = {isa = PBXBuildFile; fileRef = A4660F521EFA603600D75D1E /* YGThirdBoardLoginView.m */; };
		A4660F551EFA604200D75D1E /* YGThirdBoardLoginView.xib in Resources */ = {isa = PBXBuildFile; fileRef = A4660F541EFA604200D75D1E /* YGThirdBoardLoginView.xib */; };
		A4660F581EFA6A6000D75D1E /* YGThirdBoardButton.m in Sources */ = {isa = PBXBuildFile; fileRef = A4660F571EFA6A6000D75D1E /* YGThirdBoardButton.m */; };
		A4660F5B1EFA7B8500D75D1E /* YGLoginField.m in Sources */ = {isa = PBXBuildFile; fileRef = A4660F5A1EFA7B8500D75D1E /* YGLoginField.m */; };
		A4AA61BC1EFB694D00DD3687 /* YGSquareItem.m in Sources */ = {isa = PBXBuildFile; fileRef = A4AA61BB1EFB694D00DD3687 /* YGSquareItem.m */; };
		A4BA327F1EF9F53F005C93FC /* YGRecommendViewController.m in Sources */ = {isa = PBXBuildFile; fileRef = A4BA327E1EF9F53F005C93FC /* YGRecommendViewController.m */; };
		A4BA32851EF9F944005C93FC /* YGRecommendItem.m in Sources */ = {isa = PBXBuildFile; fileRef = A4BA32841EF9F944005C93FC /* YGRecommendItem.m */; };
		A4C42A151EF8E07100D2C2A5 /* TMBaseTabBar.m in Sources */ = {isa = PBXBuildFile; fileRef = A4C42A0E1EF8E07100D2C2A5 /* TMBaseTabBar.m */; };
		A4C42A161EF8E07100D2C2A5 /* TMBaseTabBarController.m in Sources */ = {isa = PBXBuildFile; fileRef = A4C42A101EF8E07100D2C2A5 /* TMBaseTabBarController.m */; };
		A4C42A171EF8E07100D2C2A5 /* TMBaseTabBarItems.m in Sources */ = {isa = PBXBuildFile; fileRef = A4C42A121EF8E07100D2C2A5 /* TMBaseTabBarItems.m */; };
		A4C42A181EF8E07100D2C2A5 /* TMCommonTabBarController.m in Sources */ = {isa = PBXBuildFile; fileRef = A4C42A141EF8E07100D2C2A5 /* TMCommonTabBarController.m */; };
		A4C42A1B1EF8E2C200D2C2A5 /* YGEssenceViewController.m in Sources */ = {isa = PBXBuildFile; fileRef = A4C42A1A1EF8E2C200D2C2A5 /* YGEssenceViewController.m */; };
		A4C42A1E1EF8E2DE00D2C2A5 /* YGFriendTrendViewController.m in Sources */ = {isa = PBXBuildFile; fileRef = A4C42A1D1EF8E2DE00D2C2A5 /* YGFriendTrendViewController.m */; };
		A4C42A251EF8E31700D2C2A5 /* YGMeViewController.m in Sources */ = {isa = PBXBuildFile; fileRef = A4C42A241EF8E31700D2C2A5 /* YGMeViewController.m */; };
		A4C42A281EF8E32E00D2C2A5 /* YGNewViewController.m in Sources */ = {isa = PBXBuildFile; fileRef = A4C42A271EF8E32E00D2C2A5 /* YGNewViewController.m */; };
		A4C42A331EF8EB6C00D2C2A5 /* NSObject+Parse.m in Sources */ = {isa = PBXBuildFile; fileRef = A4C42A2C1EF8EB6C00D2C2A5 /* NSObject+Parse.m */; };
		A4C42A341EF8EB6C00D2C2A5 /* NSString+YG.m in Sources */ = {isa = PBXBuildFile; fileRef = A4C42A2E1EF8EB6C00D2C2A5 /* NSString+YG.m */; };
		A4C42A351EF8EB6C00D2C2A5 /* UIScrollView+Refresh.m in Sources */ = {isa = PBXBuildFile; fileRef = A4C42A301EF8EB6C00D2C2A5 /* UIScrollView+Refresh.m */; };
		A4C42A361EF8EB6C00D2C2A5 /* UIView+HUD.m in Sources */ = {isa = PBXBuildFile; fileRef = A4C42A321EF8EB6C00D2C2A5 /* UIView+HUD.m */; };
		A4C42A481EF8F19900D2C2A5 /* BaseNetManager.m in Sources */ = {isa = PBXBuildFile; fileRef = A4C42A451EF8F19900D2C2A5 /* BaseNetManager.m */; };
		A4C42A4E1EF9013D00D2C2A5 /* UIBarButtonItem+item.m in Sources */ = {isa = PBXBuildFile; fileRef = A4C42A4D1EF9013D00D2C2A5 /* UIBarButtonItem+item.m */; };
		A4C42A511EF906BA00D2C2A5 /* YGNavigationController.m in Sources */ = {isa = PBXBuildFile; fileRef = A4C42A501EF906BA00D2C2A5 /* YGNavigationController.m */; };
		A4C42A581EF90D2400D2C2A5 /* YGSettingViewController.m in Sources */ = {isa = PBXBuildFile; fileRef = A4C42A571EF90D2400D2C2A5 /* YGSettingViewController.m */; };
		A4DFFEAB1EFB9E0600E85C67 /* YGWebViewController.m in Sources */ = {isa = PBXBuildFile; fileRef = A4DFFEA91EFB9E0600E85C67 /* YGWebViewController.m */; };
		A4DFFEAC1EFB9E0600E85C67 /* YGWebViewController.xib in Resources */ = {isa = PBXBuildFile; fileRef = A4DFFEAA1EFB9E0600E85C67 /* YGWebViewController.xib */; };
		A4DFFEB31EFBBEC100E85C67 /* FileTools.m in Sources */ = {isa = PBXBuildFile; fileRef = A4DFFEB21EFBBEC100E85C67 /* FileTools.m */; };
/* End PBXBuildFile section */

/* Begin PBXFileReference section */
		02B0D120D1C06683EAD9D8D8 /* Pods-BaiSiBuDeJie.debug.xcconfig */ = {isa = PBXFileReference; includeInIndex = 1; lastKnownFileType = text.xcconfig; name = "Pods-BaiSiBuDeJie.debug.xcconfig"; path = "Pods/Target Support Files/Pods-BaiSiBuDeJie/Pods-BaiSiBuDeJie.debug.xcconfig"; sourceTree = "<group>"; };
		38F427BC919F535100D99F6E /* libPods-BaiSiBuDeJie.a */ = {isa = PBXFileReference; explicitFileType = archive.ar; includeInIndex = 0; path = "libPods-BaiSiBuDeJie.a"; sourceTree = BUILT_PRODUCTS_DIR; };
		A41F25601EF959DE002145F8 /* YGNetManager.h */ = {isa = PBXFileReference; fileEncoding = 4; lastKnownFileType = sourcecode.c.h; path = YGNetManager.h; sourceTree = "<group>"; };
		A41F25611EF959DE002145F8 /* YGNetManager.m */ = {isa = PBXFileReference; fileEncoding = 4; lastKnownFileType = sourcecode.c.objc; path = YGNetManager.m; sourceTree = "<group>"; };
		A43963231EF353D400C9903E /* BaiSiBuDeJie.app */ = {isa = PBXFileReference; explicitFileType = wrapper.application; includeInIndex = 0; path = BaiSiBuDeJie.app; sourceTree = BUILT_PRODUCTS_DIR; };
		A43963301EF353D400C9903E /* Base */ = {isa = PBXFileReference; lastKnownFileType = file.storyboard; name = Base; path = Base.lproj/Main.storyboard; sourceTree = "<group>"; };
		A43963351EF353D400C9903E /* Base */ = {isa = PBXFileReference; lastKnownFileType = file.storyboard; name = Base; path = Base.lproj/LaunchScreen.storyboard; sourceTree = "<group>"; };
		A43A29711EF8DE26002206A6 /* AppDelegate.h */ = {isa = PBXFileReference; fileEncoding = 4; lastKnownFileType = sourcecode.c.h; name = AppDelegate.h; path = Other/AppDelegate.h; sourceTree = "<group>"; };
		A43A29721EF8DE26002206A6 /* AppDelegate.m */ = {isa = PBXFileReference; fileEncoding = 4; lastKnownFileType = sourcecode.c.objc; name = AppDelegate.m; path = Other/AppDelegate.m; sourceTree = "<group>"; };
		A43A29731EF8DE26002206A6 /* Assets.xcassets */ = {isa = PBXFileReference; lastKnownFileType = folder.assetcatalog; name = Assets.xcassets; path = Classes/Other/Assets.xcassets; sourceTree = "<group>"; };
		A43A29751EF8DE26002206A6 /* main.m */ = {isa = PBXFileReference; fileEncoding = 4; lastKnownFileType = sourcecode.c.objc; name = main.m; path = Classes/Other/main.m; sourceTree = "<group>"; };
		A43A297A1EF8DE49002206A6 /* Info.plist */ = {isa = PBXFileReference; fileEncoding = 4; lastKnownFileType = text.plist.xml; path = Info.plist; sourceTree = "<group>"; };
		A43BC0331EFB41F9002A8F96 /* UITextField+placeholder.h */ = {isa = PBXFileReference; fileEncoding = 4; lastKnownFileType = sourcecode.c.h; path = "UITextField+placeholder.h"; sourceTree = "<group>"; };
		A43BC0341EFB41F9002A8F96 /* UITextField+placeholder.m */ = {isa = PBXFileReference; fileEncoding = 4; lastKnownFileType = sourcecode.c.objc; path = "UITextField+placeholder.m"; sourceTree = "<group>"; };
		A43BC0361EFB552B002A8F96 /* YGMeViewController.storyboard */ = {isa = PBXFileReference; fileEncoding = 4; lastKnownFileType = file.storyboard; path = YGMeViewController.storyboard; sourceTree = "<group>"; };
		A43BC0381EFB5D30002A8F96 /* YGSquareCell.h */ = {isa = PBXFileReference; fileEncoding = 4; lastKnownFileType = sourcecode.c.h; path = YGSquareCell.h; sourceTree = "<group>"; };
		A43BC0391EFB5D30002A8F96 /* YGSquareCell.m */ = {isa = PBXFileReference; fileEncoding = 4; lastKnownFileType = sourcecode.c.objc; path = YGSquareCell.m; sourceTree = "<group>"; };
		A43BC03A1EFB5D30002A8F96 /* YGSquareCell.xib */ = {isa = PBXFileReference; fileEncoding = 4; lastKnownFileType = file.xib; path = YGSquareCell.xib; sourceTree = "<group>"; };
		A45097571EF948CF00AB6503 /* YGADViewController.h */ = {isa = PBXFileReference; fileEncoding = 4; lastKnownFileType = sourcecode.c.h; path = YGADViewController.h; sourceTree = "<group>"; };
		A45097581EF948CF00AB6503 /* YGADViewController.m */ = {isa = PBXFileReference; fileEncoding = 4; lastKnownFileType = sourcecode.c.objc; path = YGADViewController.m; sourceTree = "<group>"; };
		A450975C1EF949EF00AB6503 /* YGADViewController.xib */ = {isa = PBXFileReference; fileEncoding = 4; lastKnownFileType = file.xib; path = YGADViewController.xib; sourceTree = "<group>"; };
		A450975E1EF94EB900AB6503 /* MacroFile.h */ = {isa = PBXFileReference; fileEncoding = 4; lastKnownFileType = sourcecode.c.h; path = MacroFile.h; sourceTree = "<group>"; };
		A450975F1EF954A400AB6503 /* YGADItem.h */ = {isa = PBXFileReference; fileEncoding = 4; lastKnownFileType = sourcecode.c.h; path = YGADItem.h; sourceTree = "<group>"; };
		A45097601EF954A400AB6503 /* YGADItem.m */ = {isa = PBXFileReference; fileEncoding = 4; lastKnownFileType = sourcecode.c.objc; path = YGADItem.m; sourceTree = "<group>"; };
		A4660F2F1EFA08A500D75D1E /* YGRecommendCell.h */ = {isa = PBXFileReference; fileEncoding = 4; lastKnownFileType = sourcecode.c.h; path = YGRecommendCell.h; sourceTree = "<group>"; };
		A4660F301EFA08A500D75D1E /* YGRecommendCell.m */ = {isa = PBXFileReference; fileEncoding = 4; lastKnownFileType = sourcecode.c.objc; path = YGRecommendCell.m; sourceTree = "<group>"; };
		A4660F311EFA08A500D75D1E /* YGRecommendCell.xib */ = {isa = PBXFileReference; fileEncoding = 4; lastKnownFileType = file.xib; path = YGRecommendCell.xib; sourceTree = "<group>"; };
		A4660F341EFA10AE00D75D1E /* UIImage+Round.h */ = {isa = PBXFileReference; fileEncoding = 4; lastKnownFileType = sourcecode.c.h; path = "UIImage+Round.h"; sourceTree = "<group>"; };
		A4660F351EFA10AE00D75D1E /* UIImage+Round.m */ = {isa = PBXFileReference; fileEncoding = 4; lastKnownFileType = sourcecode.c.objc; path = "UIImage+Round.m"; sourceTree = "<group>"; };
		A4660F371EFA152200D75D1E /* UIImageView+round.h */ = {isa = PBXFileReference; fileEncoding = 4; lastKnownFileType = sourcecode.c.h; path = "UIImageView+round.h"; sourceTree = "<group>"; };
		A4660F381EFA152200D75D1E /* UIImageView+round.m */ = {isa = PBXFileReference; fileEncoding = 4; lastKnownFileType = sourcecode.c.objc; path = "UIImageView+round.m"; sourceTree = "<group>"; };
		A4660F3A1EFA23D700D75D1E /* CFunctionImplement.m */ = {isa = PBXFileReference; fileEncoding = 4; lastKnownFileType = sourcecode.c.objc; path = CFunctionImplement.m; sourceTree = "<group>"; };
		A4660F3C1EFA30EE00D75D1E /* YGFriendTrendViewController.xib */ = {isa = PBXFileReference; fileEncoding = 4; lastKnownFileType = file.xib; path = YGFriendTrendViewController.xib; sourceTree = "<group>"; };
		A4660F421EFA35A500D75D1E /* YGLoginViewController.h */ = {isa = PBXFileReference; fileEncoding = 4; lastKnownFileType = sourcecode.c.h; path = YGLoginViewController.h; sourceTree = "<group>"; };
		A4660F431EFA35A500D75D1E /* YGLoginViewController.m */ = {isa = PBXFileReference; fileEncoding = 4; lastKnownFileType = sourcecode.c.objc; path = YGLoginViewController.m; sourceTree = "<group>"; };
		A4660F441EFA35A500D75D1E /* YGLoginViewController.xib */ = {isa = PBXFileReference; fileEncoding = 4; lastKnownFileType = file.xib; path = YGLoginViewController.xib; sourceTree = "<group>"; };
		A4660F4C1EFA4BBA00D75D1E /* YGLoginRegisterMiddleView.h */ = {isa = PBXFileReference; fileEncoding = 4; lastKnownFileType = sourcecode.c.h; path = YGLoginRegisterMiddleView.h; sourceTree = "<group>"; };
		A4660F4D1EFA4BBA00D75D1E /* YGLoginRegisterMiddleView.m */ = {isa = PBXFileReference; fileEncoding = 4; lastKnownFileType = sourcecode.c.objc; path = YGLoginRegisterMiddleView.m; sourceTree = "<group>"; };
		A4660F4F1EFA4BC300D75D1E /* YGLoginRegisterMiddleView.xib */ = {isa = PBXFileReference; fileEncoding = 4; lastKnownFileType = file.xib; path = YGLoginRegisterMiddleView.xib; sourceTree = "<group>"; };
		A4660F511EFA603600D75D1E /* YGThirdBoardLoginView.h */ = {isa = PBXFileReference; fileEncoding = 4; lastKnownFileType = sourcecode.c.h; path = YGThirdBoardLoginView.h; sourceTree = "<group>"; };
		A4660F521EFA603600D75D1E /* YGThirdBoardLoginView.m */ = {isa = PBXFileReference; fileEncoding = 4; lastKnownFileType = sourcecode.c.objc; path = YGThirdBoardLoginView.m; sourceTree = "<group>"; };
		A4660F541EFA604200D75D1E /* YGThirdBoardLoginView.xib */ = {isa = PBXFileReference; fileEncoding = 4; lastKnownFileType = file.xib; path = YGThirdBoardLoginView.xib; sourceTree = "<group>"; };
		A4660F561EFA6A6000D75D1E /* YGThirdBoardButton.h */ = {isa = PBXFileReference; fileEncoding = 4; lastKnownFileType = sourcecode.c.h; path = YGThirdBoardButton.h; sourceTree = "<group>"; };
		A4660F571EFA6A6000D75D1E /* YGThirdBoardButton.m */ = {isa = PBXFileReference; fileEncoding = 4; lastKnownFileType = sourcecode.c.objc; path = YGThirdBoardButton.m; sourceTree = "<group>"; };
		A4660F591EFA7B8500D75D1E /* YGLoginField.h */ = {isa = PBXFileReference; fileEncoding = 4; lastKnownFileType = sourcecode.c.h; path = YGLoginField.h; sourceTree = "<group>"; };
		A4660F5A1EFA7B8500D75D1E /* YGLoginField.m */ = {isa = PBXFileReference; fileEncoding = 4; lastKnownFileType = sourcecode.c.objc; path = YGLoginField.m; sourceTree = "<group>"; };
		A4AA61BA1EFB694D00DD3687 /* YGSquareItem.h */ = {isa = PBXFileReference; fileEncoding = 4; lastKnownFileType = sourcecode.c.h; path = YGSquareItem.h; sourceTree = "<group>"; };
		A4AA61BB1EFB694D00DD3687 /* YGSquareItem.m */ = {isa = PBXFileReference; fileEncoding = 4; lastKnownFileType = sourcecode.c.objc; path = YGSquareItem.m; sourceTree = "<group>"; };
		A4BA327D1EF9F53F005C93FC /* YGRecommendViewController.h */ = {isa = PBXFileReference; fileEncoding = 4; lastKnownFileType = sourcecode.c.h; path = YGRecommendViewController.h; sourceTree = "<group>"; };
		A4BA327E1EF9F53F005C93FC /* YGRecommendViewController.m */ = {isa = PBXFileReference; fileEncoding = 4; lastKnownFileType = sourcecode.c.objc; path = YGRecommendViewController.m; sourceTree = "<group>"; };
		A4BA32831EF9F944005C93FC /* YGRecommendItem.h */ = {isa = PBXFileReference; fileEncoding = 4; lastKnownFileType = sourcecode.c.h; path = YGRecommendItem.h; sourceTree = "<group>"; };
		A4BA32841EF9F944005C93FC /* YGRecommendItem.m */ = {isa = PBXFileReference; fileEncoding = 4; lastKnownFileType = sourcecode.c.objc; path = YGRecommendItem.m; sourceTree = "<group>"; };
		A4C42A0D1EF8E07100D2C2A5 /* TMBaseTabBar.h */ = {isa = PBXFileReference; fileEncoding = 4; lastKnownFileType = sourcecode.c.h; path = TMBaseTabBar.h; sourceTree = "<group>"; };
		A4C42A0E1EF8E07100D2C2A5 /* TMBaseTabBar.m */ = {isa = PBXFileReference; fileEncoding = 4; lastKnownFileType = sourcecode.c.objc; path = TMBaseTabBar.m; sourceTree = "<group>"; };
		A4C42A0F1EF8E07100D2C2A5 /* TMBaseTabBarController.h */ = {isa = PBXFileReference; fileEncoding = 4; lastKnownFileType = sourcecode.c.h; path = TMBaseTabBarController.h; sourceTree = "<group>"; };
		A4C42A101EF8E07100D2C2A5 /* TMBaseTabBarController.m */ = {isa = PBXFileReference; fileEncoding = 4; lastKnownFileType = sourcecode.c.objc; path = TMBaseTabBarController.m; sourceTree = "<group>"; };
		A4C42A111EF8E07100D2C2A5 /* TMBaseTabBarItems.h */ = {isa = PBXFileReference; fileEncoding = 4; lastKnownFileType = sourcecode.c.h; path = TMBaseTabBarItems.h; sourceTree = "<group>"; };
		A4C42A121EF8E07100D2C2A5 /* TMBaseTabBarItems.m */ = {isa = PBXFileReference; fileEncoding = 4; lastKnownFileType = sourcecode.c.objc; path = TMBaseTabBarItems.m; sourceTree = "<group>"; };
		A4C42A131EF8E07100D2C2A5 /* TMCommonTabBarController.h */ = {isa = PBXFileReference; fileEncoding = 4; lastKnownFileType = sourcecode.c.h; name = TMCommonTabBarController.h; path = "TMBaseTabBar(多自定义)/TMCommonTabBarController.h"; sourceTree = "<group>"; };
		A4C42A141EF8E07100D2C2A5 /* TMCommonTabBarController.m */ = {isa = PBXFileReference; fileEncoding = 4; lastKnownFileType = sourcecode.c.objc; name = TMCommonTabBarController.m; path = "TMBaseTabBar(多自定义)/TMCommonTabBarController.m"; sourceTree = "<group>"; };
		A4C42A191EF8E2C200D2C2A5 /* YGEssenceViewController.h */ = {isa = PBXFileReference; fileEncoding = 4; lastKnownFileType = sourcecode.c.h; path = YGEssenceViewController.h; sourceTree = "<group>"; };
		A4C42A1A1EF8E2C200D2C2A5 /* YGEssenceViewController.m */ = {isa = PBXFileReference; fileEncoding = 4; lastKnownFileType = sourcecode.c.objc; path = YGEssenceViewController.m; sourceTree = "<group>"; };
		A4C42A1C1EF8E2DE00D2C2A5 /* YGFriendTrendViewController.h */ = {isa = PBXFileReference; fileEncoding = 4; lastKnownFileType = sourcecode.c.h; path = YGFriendTrendViewController.h; sourceTree = "<group>"; };
		A4C42A1D1EF8E2DE00D2C2A5 /* YGFriendTrendViewController.m */ = {isa = PBXFileReference; fileEncoding = 4; lastKnownFileType = sourcecode.c.objc; path = YGFriendTrendViewController.m; sourceTree = "<group>"; };
		A4C42A231EF8E31700D2C2A5 /* YGMeViewController.h */ = {isa = PBXFileReference; fileEncoding = 4; lastKnownFileType = sourcecode.c.h; path = YGMeViewController.h; sourceTree = "<group>"; };
		A4C42A241EF8E31700D2C2A5 /* YGMeViewController.m */ = {isa = PBXFileReference; fileEncoding = 4; lastKnownFileType = sourcecode.c.objc; path = YGMeViewController.m; sourceTree = "<group>"; };
		A4C42A261EF8E32E00D2C2A5 /* YGNewViewController.h */ = {isa = PBXFileReference; fileEncoding = 4; lastKnownFileType = sourcecode.c.h; path = YGNewViewController.h; sourceTree = "<group>"; };
		A4C42A271EF8E32E00D2C2A5 /* YGNewViewController.m */ = {isa = PBXFileReference; fileEncoding = 4; lastKnownFileType = sourcecode.c.objc; path = YGNewViewController.m; sourceTree = "<group>"; };
		A4C42A2B1EF8EB6C00D2C2A5 /* NSObject+Parse.h */ = {isa = PBXFileReference; fileEncoding = 4; lastKnownFileType = sourcecode.c.h; path = "NSObject+Parse.h"; sourceTree = "<group>"; };
		A4C42A2C1EF8EB6C00D2C2A5 /* NSObject+Parse.m */ = {isa = PBXFileReference; fileEncoding = 4; lastKnownFileType = sourcecode.c.objc; path = "NSObject+Parse.m"; sourceTree = "<group>"; };
		A4C42A2D1EF8EB6C00D2C2A5 /* NSString+YG.h */ = {isa = PBXFileReference; fileEncoding = 4; lastKnownFileType = sourcecode.c.h; path = "NSString+YG.h"; sourceTree = "<group>"; };
		A4C42A2E1EF8EB6C00D2C2A5 /* NSString+YG.m */ = {isa = PBXFileReference; fileEncoding = 4; lastKnownFileType = sourcecode.c.objc; path = "NSString+YG.m"; sourceTree = "<group>"; };
		A4C42A2F1EF8EB6C00D2C2A5 /* UIScrollView+Refresh.h */ = {isa = PBXFileReference; fileEncoding = 4; lastKnownFileType = sourcecode.c.h; path = "UIScrollView+Refresh.h"; sourceTree = "<group>"; };
		A4C42A301EF8EB6C00D2C2A5 /* UIScrollView+Refresh.m */ = {isa = PBXFileReference; fileEncoding = 4; lastKnownFileType = sourcecode.c.objc; path = "UIScrollView+Refresh.m"; sourceTree = "<group>"; };
		A4C42A311EF8EB6C00D2C2A5 /* UIView+HUD.h */ = {isa = PBXFileReference; fileEncoding = 4; lastKnownFileType = sourcecode.c.h; path = "UIView+HUD.h"; sourceTree = "<group>"; };
		A4C42A321EF8EB6C00D2C2A5 /* UIView+HUD.m */ = {isa = PBXFileReference; fileEncoding = 4; lastKnownFileType = sourcecode.c.objc; path = "UIView+HUD.m"; sourceTree = "<group>"; };
		A4C42A441EF8F19900D2C2A5 /* BaseNetManager.h */ = {isa = PBXFileReference; fileEncoding = 4; lastKnownFileType = sourcecode.c.h; path = BaseNetManager.h; sourceTree = "<group>"; };
		A4C42A451EF8F19900D2C2A5 /* BaseNetManager.m */ = {isa = PBXFileReference; fileEncoding = 4; lastKnownFileType = sourcecode.c.objc; path = BaseNetManager.m; sourceTree = "<group>"; };
		A4C42A4A1EF8F1F500D2C2A5 /* PrefixHeader.pch */ = {isa = PBXFileReference; lastKnownFileType = sourcecode.c.h; name = PrefixHeader.pch; path = ../../PrefixHeader.pch; sourceTree = "<group>"; };
		A4C42A4B1EF8F24C00D2C2A5 /* Const.h */ = {isa = PBXFileReference; lastKnownFileType = sourcecode.c.h; name = Const.h; path = ../../Const.h; sourceTree = "<group>"; };
		A4C42A4C1EF9013D00D2C2A5 /* UIBarButtonItem+item.h */ = {isa = PBXFileReference; fileEncoding = 4; lastKnownFileType = sourcecode.c.h; path = "UIBarButtonItem+item.h"; sourceTree = "<group>"; };
		A4C42A4D1EF9013D00D2C2A5 /* UIBarButtonItem+item.m */ = {isa = PBXFileReference; fileEncoding = 4; lastKnownFileType = sourcecode.c.objc; path = "UIBarButtonItem+item.m"; sourceTree = "<group>"; };
		A4C42A4F1EF906BA00D2C2A5 /* YGNavigationController.h */ = {isa = PBXFileReference; fileEncoding = 4; lastKnownFileType = sourcecode.c.h; path = YGNavigationController.h; sourceTree = "<group>"; };
		A4C42A501EF906BA00D2C2A5 /* YGNavigationController.m */ = {isa = PBXFileReference; fileEncoding = 4; lastKnownFileType = sourcecode.c.objc; path = YGNavigationController.m; sourceTree = "<group>"; };
		A4C42A561EF90D2400D2C2A5 /* YGSettingViewController.h */ = {isa = PBXFileReference; fileEncoding = 4; lastKnownFileType = sourcecode.c.h; path = YGSettingViewController.h; sourceTree = "<group>"; };
		A4C42A571EF90D2400D2C2A5 /* YGSettingViewController.m */ = {isa = PBXFileReference; fileEncoding = 4; lastKnownFileType = sourcecode.c.objc; path = YGSettingViewController.m; sourceTree = "<group>"; };
		A4DFFEA81EFB9E0600E85C67 /* YGWebViewController.h */ = {isa = PBXFileReference; fileEncoding = 4; lastKnownFileType = sourcecode.c.h; path = YGWebViewController.h; sourceTree = "<group>"; };
		A4DFFEA91EFB9E0600E85C67 /* YGWebViewController.m */ = {isa = PBXFileReference; fileEncoding = 4; lastKnownFileType = sourcecode.c.objc; path = YGWebViewController.m; sourceTree = "<group>"; };
		A4DFFEAA1EFB9E0600E85C67 /* YGWebViewController.xib */ = {isa = PBXFileReference; fileEncoding = 4; lastKnownFileType = file.xib; path = YGWebViewController.xib; sourceTree = "<group>"; };
		A4DFFEB11EFBBEC100E85C67 /* FileTools.h */ = {isa = PBXFileReference; fileEncoding = 4; lastKnownFileType = sourcecode.c.h; path = FileTools.h; sourceTree = "<group>"; };
		A4DFFEB21EFBBEC100E85C67 /* FileTools.m */ = {isa = PBXFileReference; fileEncoding = 4; lastKnownFileType = sourcecode.c.objc; path = FileTools.m; sourceTree = "<group>"; };
		EACFFD5D0983116D47B30489 /* Pods-BaiSiBuDeJie.release.xcconfig */ = {isa = PBXFileReference; includeInIndex = 1; lastKnownFileType = text.xcconfig; name = "Pods-BaiSiBuDeJie.release.xcconfig"; path = "Pods/Target Support Files/Pods-BaiSiBuDeJie/Pods-BaiSiBuDeJie.release.xcconfig"; sourceTree = "<group>"; };
/* End PBXFileReference section */

/* Begin PBXFrameworksBuildPhase section */
		A43963201EF353D400C9903E /* Frameworks */ = {
			isa = PBXFrameworksBuildPhase;
			buildActionMask = 2147483647;
			files = (
				5FD76BAFFBABC194706B2E0B /* libPods-BaiSiBuDeJie.a in Frameworks */,
			);
			runOnlyForDeploymentPostprocessing = 0;
		};
/* End PBXFrameworksBuildPhase section */

/* Begin PBXGroup section */
		1B9E69FB4BF58B026A44BC85 /* Pods */ = {
			isa = PBXGroup;
			children = (
				02B0D120D1C06683EAD9D8D8 /* Pods-BaiSiBuDeJie.debug.xcconfig */,
				EACFFD5D0983116D47B30489 /* Pods-BaiSiBuDeJie.release.xcconfig */,
			);
			name = Pods;
			sourceTree = "<group>";
		};
		2E2B7112D101C8B5F866796D /* Frameworks */ = {
			isa = PBXGroup;
			children = (
				38F427BC919F535100D99F6E /* libPods-BaiSiBuDeJie.a */,
			);
			name = Frameworks;
			sourceTree = "<group>";
		};
		A439631A1EF353D400C9903E = {
			isa = PBXGroup;
			children = (
				A43963251EF353D400C9903E /* BaiSiBuDeJie */,
				A43963241EF353D400C9903E /* Products */,
				1B9E69FB4BF58B026A44BC85 /* Pods */,
				2E2B7112D101C8B5F866796D /* Frameworks */,
			);
			sourceTree = "<group>";
		};
		A43963241EF353D400C9903E /* Products */ = {
			isa = PBXGroup;
			children = (
				A43963231EF353D400C9903E /* BaiSiBuDeJie.app */,
			);
			name = Products;
			sourceTree = "<group>";
		};
		A43963251EF353D400C9903E /* BaiSiBuDeJie */ = {
			isa = PBXGroup;
			children = (
				A43A29471EF8D8A6002206A6 /* Classes */,
				A4C42A291EF8E85900D2C2A5 /* Lib */,
				A43963261EF353D400C9903E /* Supporting Files */,
			);
			path = BaiSiBuDeJie;
			sourceTree = "<group>";
		};
		A43963261EF353D400C9903E /* Supporting Files */ = {
			isa = PBXGroup;
			children = (
				A43A29751EF8DE26002206A6 /* main.m */,
				A43A29731EF8DE26002206A6 /* Assets.xcassets */,
				A43A297A1EF8DE49002206A6 /* Info.plist */,
				A439632F1EF353D400C9903E /* Main.storyboard */,
				A43963341EF353D400C9903E /* LaunchScreen.storyboard */,
			);
			name = "Supporting Files";
			sourceTree = "<group>";
		};
		A43A29471EF8D8A6002206A6 /* Classes */ = {
			isa = PBXGroup;
			children = (
				A43A29711EF8DE26002206A6 /* AppDelegate.h */,
				A43A29721EF8DE26002206A6 /* AppDelegate.m */,
				A43A29501EF8D8A6002206A6 /* Main(主体) */,
				A45097531EF946F400AB6503 /* AD(广告) */,
				A43A29481EF8D8A6002206A6 /* Essence(精华) */,
				A43A29541EF8D8A6002206A6 /* New(新帖) */,
				A43A295E1EF8D8A6002206A6 /* Public(发布) */,
				A43A294C1EF8D8A6002206A6 /* FriendTrend(关注) */,
				A4C42A1F1EF8E30400D2C2A5 /* Me(我) */,
				A4C42A431EF8F19900D2C2A5 /* NetManager */,
				A43A29701EF8DE26002206A6 /* Other */,
			);
			path = Classes;
			sourceTree = "<group>";
		};
		A43A29481EF8D8A6002206A6 /* Essence(精华) */ = {
			isa = PBXGroup;
			children = (
				A43A29491EF8D8A6002206A6 /* Controller */,
				A43A294A1EF8D8A6002206A6 /* Model */,
				A43A294B1EF8D8A6002206A6 /* View */,
			);
			name = "Essence(精华)";
			path = Essence;
			sourceTree = "<group>";
		};
		A43A29491EF8D8A6002206A6 /* Controller */ = {
			isa = PBXGroup;
			children = (
				A4C42A191EF8E2C200D2C2A5 /* YGEssenceViewController.h */,
				A4C42A1A1EF8E2C200D2C2A5 /* YGEssenceViewController.m */,
			);
			path = Controller;
			sourceTree = "<group>";
		};
		A43A294A1EF8D8A6002206A6 /* Model */ = {
			isa = PBXGroup;
			children = (
			);
			path = Model;
			sourceTree = "<group>";
		};
		A43A294B1EF8D8A6002206A6 /* View */ = {
			isa = PBXGroup;
			children = (
			);
			path = View;
			sourceTree = "<group>";
		};
		A43A294C1EF8D8A6002206A6 /* FriendTrend(关注) */ = {
			isa = PBXGroup;
			children = (
				A4660F3E1EFA358D00D75D1E /* Login(登录) */,
				A43A294D1EF8D8A6002206A6 /* Controller */,
				A43A294E1EF8D8A6002206A6 /* Model */,
				A43A294F1EF8D8A6002206A6 /* View */,
			);
			name = "FriendTrend(关注)";
			path = FriendTrend;
			sourceTree = "<group>";
		};
		A43A294D1EF8D8A6002206A6 /* Controller */ = {
			isa = PBXGroup;
			children = (
				A4C42A1C1EF8E2DE00D2C2A5 /* YGFriendTrendViewController.h */,
				A4C42A1D1EF8E2DE00D2C2A5 /* YGFriendTrendViewController.m */,
				A4660F3C1EFA30EE00D75D1E /* YGFriendTrendViewController.xib */,
			);
			path = Controller;
			sourceTree = "<group>";
		};
		A43A294E1EF8D8A6002206A6 /* Model */ = {
			isa = PBXGroup;
			children = (
			);
			path = Model;
			sourceTree = "<group>";
		};
		A43A294F1EF8D8A6002206A6 /* View */ = {
			isa = PBXGroup;
			children = (
			);
			path = View;
			sourceTree = "<group>";
		};
		A43A29501EF8D8A6002206A6 /* Main(主体) */ = {
			isa = PBXGroup;
			children = (
				A4C42A131EF8E07100D2C2A5 /* TMCommonTabBarController.h */,
				A4C42A141EF8E07100D2C2A5 /* TMCommonTabBarController.m */,
				A4C42A4F1EF906BA00D2C2A5 /* YGNavigationController.h */,
				A4C42A501EF906BA00D2C2A5 /* YGNavigationController.m */,
			);
			name = "Main(主体)";
			path = Main;
			sourceTree = "<group>";
		};
		A43A29541EF8D8A6002206A6 /* New(新帖) */ = {
			isa = PBXGroup;
			children = (
				A4BA32791EF9F52D005C93FC /* Recommend */,
				A43A29551EF8D8A6002206A6 /* Controller */,
				A43A29561EF8D8A6002206A6 /* Model */,
				A43A29571EF8D8A6002206A6 /* View */,
			);
			name = "New(新帖)";
			path = New;
			sourceTree = "<group>";
		};
		A43A29551EF8D8A6002206A6 /* Controller */ = {
			isa = PBXGroup;
			children = (
				A4C42A261EF8E32E00D2C2A5 /* YGNewViewController.h */,
				A4C42A271EF8E32E00D2C2A5 /* YGNewViewController.m */,
			);
			path = Controller;
			sourceTree = "<group>";
		};
		A43A29561EF8D8A6002206A6 /* Model */ = {
			isa = PBXGroup;
			children = (
			);
			path = Model;
			sourceTree = "<group>";
		};
		A43A29571EF8D8A6002206A6 /* View */ = {
			isa = PBXGroup;
			children = (
			);
			path = View;
			sourceTree = "<group>";
		};
		A43A295E1EF8D8A6002206A6 /* Public(发布) */ = {
			isa = PBXGroup;
			children = (
				A43A295F1EF8D8A6002206A6 /* Controller */,
				A43A29601EF8D8A6002206A6 /* Model */,
				A43A29611EF8D8A6002206A6 /* View */,
			);
			name = "Public(发布)";
			path = Public;
			sourceTree = "<group>";
		};
		A43A295F1EF8D8A6002206A6 /* Controller */ = {
			isa = PBXGroup;
			children = (
			);
			path = Controller;
			sourceTree = "<group>";
		};
		A43A29601EF8D8A6002206A6 /* Model */ = {
			isa = PBXGroup;
			children = (
			);
			path = Model;
			sourceTree = "<group>";
		};
		A43A29611EF8D8A6002206A6 /* View */ = {
			isa = PBXGroup;
			children = (
			);
			path = View;
			sourceTree = "<group>";
		};
		A43A29701EF8DE26002206A6 /* Other */ = {
			isa = PBXGroup;
			children = (
				A4660F3A1EFA23D700D75D1E /* CFunctionImplement.m */,
				A450975E1EF94EB900AB6503 /* MacroFile.h */,
				A4C42A4B1EF8F24C00D2C2A5 /* Const.h */,
				A4C42A4A1EF8F1F500D2C2A5 /* PrefixHeader.pch */,
			);
			path = Other;
			sourceTree = "<group>";
		};
		A45097531EF946F400AB6503 /* AD(广告) */ = {
			isa = PBXGroup;
			children = (
				A45097541EF946F400AB6503 /* Controller */,
				A45097551EF946F400AB6503 /* Model */,
				A45097561EF946F400AB6503 /* View */,
			);
			name = "AD(广告)";
			path = AD;
			sourceTree = "<group>";
		};
		A45097541EF946F400AB6503 /* Controller */ = {
			isa = PBXGroup;
			children = (
				A45097571EF948CF00AB6503 /* YGADViewController.h */,
				A45097581EF948CF00AB6503 /* YGADViewController.m */,
				A450975C1EF949EF00AB6503 /* YGADViewController.xib */,
			);
			path = Controller;
			sourceTree = "<group>";
		};
		A45097551EF946F400AB6503 /* Model */ = {
			isa = PBXGroup;
			children = (
				A450975F1EF954A400AB6503 /* YGADItem.h */,
				A45097601EF954A400AB6503 /* YGADItem.m */,
			);
			path = Model;
			sourceTree = "<group>";
		};
		A45097561EF946F400AB6503 /* View */ = {
			isa = PBXGroup;
			children = (
			);
			path = View;
			sourceTree = "<group>";
		};
		A4660F3E1EFA358D00D75D1E /* Login(登录) */ = {
			isa = PBXGroup;
			children = (
				A4660F3F1EFA358D00D75D1E /* Controller */,
				A4660F401EFA358D00D75D1E /* Model */,
				A4660F411EFA358D00D75D1E /* View */,
			);
			name = "Login(登录)";
			path = Login;
			sourceTree = "<group>";
		};
		A4660F3F1EFA358D00D75D1E /* Controller */ = {
			isa = PBXGroup;
			children = (
				A4660F421EFA35A500D75D1E /* YGLoginViewController.h */,
				A4660F431EFA35A500D75D1E /* YGLoginViewController.m */,
				A4660F441EFA35A500D75D1E /* YGLoginViewController.xib */,
			);
			path = Controller;
			sourceTree = "<group>";
		};
		A4660F401EFA358D00D75D1E /* Model */ = {
			isa = PBXGroup;
			children = (
			);
			path = Model;
			sourceTree = "<group>";
		};
		A4660F411EFA358D00D75D1E /* View */ = {
			isa = PBXGroup;
			children = (
				A4660F4C1EFA4BBA00D75D1E /* YGLoginRegisterMiddleView.h */,
				A4660F4D1EFA4BBA00D75D1E /* YGLoginRegisterMiddleView.m */,
				A4660F4F1EFA4BC300D75D1E /* YGLoginRegisterMiddleView.xib */,
				A4660F511EFA603600D75D1E /* YGThirdBoardLoginView.h */,
				A4660F521EFA603600D75D1E /* YGThirdBoardLoginView.m */,
				A4660F541EFA604200D75D1E /* YGThirdBoardLoginView.xib */,
				A4660F561EFA6A6000D75D1E /* YGThirdBoardButton.h */,
				A4660F571EFA6A6000D75D1E /* YGThirdBoardButton.m */,
				A4660F591EFA7B8500D75D1E /* YGLoginField.h */,
				A4660F5A1EFA7B8500D75D1E /* YGLoginField.m */,
			);
			path = View;
			sourceTree = "<group>";
		};
		A4BA32791EF9F52D005C93FC /* Recommend */ = {
			isa = PBXGroup;
			children = (
				A4BA327A1EF9F52D005C93FC /* Controller */,
				A4BA327B1EF9F52D005C93FC /* Model */,
				A4BA327C1EF9F52D005C93FC /* View */,
			);
			path = Recommend;
			sourceTree = "<group>";
		};
		A4BA327A1EF9F52D005C93FC /* Controller */ = {
			isa = PBXGroup;
			children = (
				A4BA327D1EF9F53F005C93FC /* YGRecommendViewController.h */,
				A4BA327E1EF9F53F005C93FC /* YGRecommendViewController.m */,
			);
			path = Controller;
			sourceTree = "<group>";
		};
		A4BA327B1EF9F52D005C93FC /* Model */ = {
			isa = PBXGroup;
			children = (
				A4BA32831EF9F944005C93FC /* YGRecommendItem.h */,
				A4BA32841EF9F944005C93FC /* YGRecommendItem.m */,
			);
			path = Model;
			sourceTree = "<group>";
		};
		A4BA327C1EF9F52D005C93FC /* View */ = {
			isa = PBXGroup;
			children = (
				A4660F2F1EFA08A500D75D1E /* YGRecommendCell.h */,
				A4660F301EFA08A500D75D1E /* YGRecommendCell.m */,
				A4660F311EFA08A500D75D1E /* YGRecommendCell.xib */,
			);
			path = View;
			sourceTree = "<group>";
		};
		A4C42A0C1EF8E07100D2C2A5 /* TMBaseTabBar */ = {
			isa = PBXGroup;
			children = (
				A4C42A0D1EF8E07100D2C2A5 /* TMBaseTabBar.h */,
				A4C42A0E1EF8E07100D2C2A5 /* TMBaseTabBar.m */,
				A4C42A0F1EF8E07100D2C2A5 /* TMBaseTabBarController.h */,
				A4C42A101EF8E07100D2C2A5 /* TMBaseTabBarController.m */,
				A4C42A111EF8E07100D2C2A5 /* TMBaseTabBarItems.h */,
				A4C42A121EF8E07100D2C2A5 /* TMBaseTabBarItems.m */,
			);
			name = TMBaseTabBar;
			path = "../Main/TMBaseTabBar(多自定义)";
			sourceTree = "<group>";
		};
		A4C42A1F1EF8E30400D2C2A5 /* Me(我) */ = {
			isa = PBXGroup;
			children = (
				A4C42A521EF90CFE00D2C2A5 /* Setting(设置) */,
				A4C42A201EF8E30400D2C2A5 /* Controller */,
				A4C42A211EF8E30400D2C2A5 /* Model */,
				A4C42A221EF8E30400D2C2A5 /* View */,
			);
			name = "Me(我)";
			path = Me;
			sourceTree = "<group>";
		};
		A4C42A201EF8E30400D2C2A5 /* Controller */ = {
			isa = PBXGroup;
			children = (
				A4C42A231EF8E31700D2C2A5 /* YGMeViewController.h */,
				A4C42A241EF8E31700D2C2A5 /* YGMeViewController.m */,
				A43BC0361EFB552B002A8F96 /* YGMeViewController.storyboard */,
				A4DFFEA81EFB9E0600E85C67 /* YGWebViewController.h */,
				A4DFFEA91EFB9E0600E85C67 /* YGWebViewController.m */,
				A4DFFEAA1EFB9E0600E85C67 /* YGWebViewController.xib */,
			);
			path = Controller;
			sourceTree = "<group>";
		};
		A4C42A211EF8E30400D2C2A5 /* Model */ = {
			isa = PBXGroup;
			children = (
				A4AA61BA1EFB694D00DD3687 /* YGSquareItem.h */,
				A4AA61BB1EFB694D00DD3687 /* YGSquareItem.m */,
			);
			path = Model;
			sourceTree = "<group>";
		};
		A4C42A221EF8E30400D2C2A5 /* View */ = {
			isa = PBXGroup;
			children = (
				A43BC0381EFB5D30002A8F96 /* YGSquareCell.h */,
				A43BC0391EFB5D30002A8F96 /* YGSquareCell.m */,
				A43BC03A1EFB5D30002A8F96 /* YGSquareCell.xib */,
			);
			path = View;
			sourceTree = "<group>";
		};
		A4C42A291EF8E85900D2C2A5 /* Lib */ = {
			isa = PBXGroup;
			children = (
				A4DFFEAD1EFBBD4E00E85C67 /* Tool */,
				A4C42A2A1EF8EB6C00D2C2A5 /* Category */,
				A4C42A0C1EF8E07100D2C2A5 /* TMBaseTabBar */,
			);
			name = Lib;
			path = Classes/Lib;
			sourceTree = "<group>";
		};
		A4C42A2A1EF8EB6C00D2C2A5 /* Category */ = {
			isa = PBXGroup;
			children = (
				A4C42A2B1EF8EB6C00D2C2A5 /* NSObject+Parse.h */,
				A4C42A2C1EF8EB6C00D2C2A5 /* NSObject+Parse.m */,
				A4C42A2D1EF8EB6C00D2C2A5 /* NSString+YG.h */,
				A4C42A2E1EF8EB6C00D2C2A5 /* NSString+YG.m */,
				A4C42A2F1EF8EB6C00D2C2A5 /* UIScrollView+Refresh.h */,
				A4C42A301EF8EB6C00D2C2A5 /* UIScrollView+Refresh.m */,
				A4C42A311EF8EB6C00D2C2A5 /* UIView+HUD.h */,
				A4C42A321EF8EB6C00D2C2A5 /* UIView+HUD.m */,
				A4C42A4C1EF9013D00D2C2A5 /* UIBarButtonItem+item.h */,
				A4C42A4D1EF9013D00D2C2A5 /* UIBarButtonItem+item.m */,
				A4660F341EFA10AE00D75D1E /* UIImage+Round.h */,
				A4660F351EFA10AE00D75D1E /* UIImage+Round.m */,
				A4660F371EFA152200D75D1E /* UIImageView+round.h */,
				A4660F381EFA152200D75D1E /* UIImageView+round.m */,
				A43BC0331EFB41F9002A8F96 /* UITextField+placeholder.h */,
				A43BC0341EFB41F9002A8F96 /* UITextField+placeholder.m */,
			);
			path = Category;
			sourceTree = "<group>";
		};
		A4C42A431EF8F19900D2C2A5 /* NetManager */ = {
			isa = PBXGroup;
			children = (
				A4C42A441EF8F19900D2C2A5 /* BaseNetManager.h */,
				A4C42A451EF8F19900D2C2A5 /* BaseNetManager.m */,
				A41F25601EF959DE002145F8 /* YGNetManager.h */,
				A41F25611EF959DE002145F8 /* YGNetManager.m */,
			);
			name = NetManager;
			path = ../NetManager;
			sourceTree = "<group>";
		};
		A4C42A521EF90CFE00D2C2A5 /* Setting(设置) */ = {
			isa = PBXGroup;
			children = (
				A4C42A531EF90CFE00D2C2A5 /* Controller */,
				A4C42A541EF90CFE00D2C2A5 /* Model */,
				A4C42A551EF90CFE00D2C2A5 /* View */,
			);
			name = "Setting(设置)";
			path = Setting;
			sourceTree = "<group>";
		};
		A4C42A531EF90CFE00D2C2A5 /* Controller */ = {
			isa = PBXGroup;
			children = (
				A4C42A561EF90D2400D2C2A5 /* YGSettingViewController.h */,
				A4C42A571EF90D2400D2C2A5 /* YGSettingViewController.m */,
			);
			path = Controller;
			sourceTree = "<group>";
		};
		A4C42A541EF90CFE00D2C2A5 /* Model */ = {
			isa = PBXGroup;
			children = (
			);
			path = Model;
			sourceTree = "<group>";
		};
		A4C42A551EF90CFE00D2C2A5 /* View */ = {
			isa = PBXGroup;
			children = (
			);
			path = View;
			sourceTree = "<group>";
		};
		A4DFFEAD1EFBBD4E00E85C67 /* Tool */ = {
			isa = PBXGroup;
			children = (
				A4DFFEB11EFBBEC100E85C67 /* FileTools.h */,
				A4DFFEB21EFBBEC100E85C67 /* FileTools.m */,
			);
			path = Tool;
			sourceTree = "<group>";
		};
/* End PBXGroup section */

/* Begin PBXNativeTarget section */
		A43963221EF353D400C9903E /* BaiSiBuDeJie */ = {
			isa = PBXNativeTarget;
			buildConfigurationList = A439633A1EF353D400C9903E /* Build configuration list for PBXNativeTarget "BaiSiBuDeJie" */;
			buildPhases = (
				F604437DDCB04441698FFBA0 /* [CP] Check Pods Manifest.lock */,
				A439631F1EF353D400C9903E /* Sources */,
				A43963201EF353D400C9903E /* Frameworks */,
				A43963211EF353D400C9903E /* Resources */,
				A4A9FB8D3F5E647E8790727B /* [CP] Embed Pods Frameworks */,
				F53BCFA998866ABB703040CC /* [CP] Copy Pods Resources */,
			);
			buildRules = (
			);
			dependencies = (
			);
			name = BaiSiBuDeJie;
			productName = BaiSiBuDeJie;
			productReference = A43963231EF353D400C9903E /* BaiSiBuDeJie.app */;
			productType = "com.apple.product-type.application";
		};
/* End PBXNativeTarget section */

/* Begin PBXProject section */
		A439631B1EF353D400C9903E /* Project object */ = {
			isa = PBXProject;
			attributes = {
				CLASSPREFIX = YG;
				LastUpgradeCheck = 0830;
				ORGANIZATIONNAME = YG;
				TargetAttributes = {
					A43963221EF353D400C9903E = {
						CreatedOnToolsVersion = 8.3.3;
						DevelopmentTeam = AY38N8FYFG;
						ProvisioningStyle = Automatic;
					};
				};
			};
			buildConfigurationList = A439631E1EF353D400C9903E /* Build configuration list for PBXProject "BaiSiBuDeJie" */;
			compatibilityVersion = "Xcode 3.2";
			developmentRegion = English;
			hasScannedForEncodings = 0;
			knownRegions = (
				en,
				Base,
			);
			mainGroup = A439631A1EF353D400C9903E;
			productRefGroup = A43963241EF353D400C9903E /* Products */;
			projectDirPath = "";
			projectRoot = "";
			targets = (
				A43963221EF353D400C9903E /* BaiSiBuDeJie */,
			);
		};
/* End PBXProject section */

/* Begin PBXResourcesBuildPhase section */
		A43963211EF353D400C9903E /* Resources */ = {
			isa = PBXResourcesBuildPhase;
			buildActionMask = 2147483647;
			files = (
				A4DFFEAC1EFB9E0600E85C67 /* YGWebViewController.xib in Resources */,
				A4660F331EFA08A500D75D1E /* YGRecommendCell.xib in Resources */,
				A43963361EF353D400C9903E /* LaunchScreen.storyboard in Resources */,
				A43BC03C1EFB5D30002A8F96 /* YGSquareCell.xib in Resources */,
				A4660F461EFA35A500D75D1E /* YGLoginViewController.xib in Resources */,
				A4660F3D1EFA30EE00D75D1E /* YGFriendTrendViewController.xib in Resources */,
				A450975D1EF949EF00AB6503 /* YGADViewController.xib in Resources */,
				A4660F501EFA4BC300D75D1E /* YGLoginRegisterMiddleView.xib in Resources */,
				A43A29771EF8DE26002206A6 /* Assets.xcassets in Resources */,
				A43BC0371EFB552B002A8F96 /* YGMeViewController.storyboard in Resources */,
				A4660F551EFA604200D75D1E /* YGThirdBoardLoginView.xib in Resources */,
				A43A297B1EF8DE49002206A6 /* Info.plist in Resources */,
				A43963311EF353D400C9903E /* Main.storyboard in Resources */,
			);
			runOnlyForDeploymentPostprocessing = 0;
		};
/* End PBXResourcesBuildPhase section */

/* Begin PBXShellScriptBuildPhase section */
		A4A9FB8D3F5E647E8790727B /* [CP] Embed Pods Frameworks */ = {
			isa = PBXShellScriptBuildPhase;
			buildActionMask = 2147483647;
			files = (
			);
			inputPaths = (
			);
			name = "[CP] Embed Pods Frameworks";
			outputPaths = (
			);
			runOnlyForDeploymentPostprocessing = 0;
			shellPath = /bin/sh;
			shellScript = "\"${SRCROOT}/Pods/Target Support Files/Pods-BaiSiBuDeJie/Pods-BaiSiBuDeJie-frameworks.sh\"\n";
			showEnvVarsInLog = 0;
		};
		F53BCFA998866ABB703040CC /* [CP] Copy Pods Resources */ = {
			isa = PBXShellScriptBuildPhase;
			buildActionMask = 2147483647;
			files = (
			);
			inputPaths = (
			);
			name = "[CP] Copy Pods Resources";
			outputPaths = (
			);
			runOnlyForDeploymentPostprocessing = 0;
			shellPath = /bin/sh;
			shellScript = "\"${SRCROOT}/Pods/Target Support Files/Pods-BaiSiBuDeJie/Pods-BaiSiBuDeJie-resources.sh\"\n";
			showEnvVarsInLog = 0;
		};
		F604437DDCB04441698FFBA0 /* [CP] Check Pods Manifest.lock */ = {
			isa = PBXShellScriptBuildPhase;
			buildActionMask = 2147483647;
			files = (
			);
			inputPaths = (
			);
			name = "[CP] Check Pods Manifest.lock";
			outputPaths = (
			);
			runOnlyForDeploymentPostprocessing = 0;
			shellPath = /bin/sh;
			shellScript = "diff \"${PODS_PODFILE_DIR_PATH}/Podfile.lock\" \"${PODS_ROOT}/Manifest.lock\" > /dev/null\nif [ $? != 0 ] ; then\n    # print error to STDERR\n    echo \"error: The sandbox is not in sync with the Podfile.lock. Run 'pod install' or update your CocoaPods installation.\" >&2\n    exit 1\nfi\n";
			showEnvVarsInLog = 0;
		};
/* End PBXShellScriptBuildPhase section */

/* Begin PBXSourcesBuildPhase section */
		A439631F1EF353D400C9903E /* Sources */ = {
			isa = PBXSourcesBuildPhase;
			buildActionMask = 2147483647;
			files = (
				A4C42A361EF8EB6C00D2C2A5 /* UIView+HUD.m in Sources */,
				A4DFFEAB1EFB9E0600E85C67 /* YGWebViewController.m in Sources */,
				A4C42A481EF8F19900D2C2A5 /* BaseNetManager.m in Sources */,
				A43BC03B1EFB5D30002A8F96 /* YGSquareCell.m in Sources */,
				A45097591EF948CF00AB6503 /* YGADViewController.m in Sources */,
				A4C42A171EF8E07100D2C2A5 /* TMBaseTabBarItems.m in Sources */,
				A4660F581EFA6A6000D75D1E /* YGThirdBoardButton.m in Sources */,
				A4C42A251EF8E31700D2C2A5 /* YGMeViewController.m in Sources */,
				A4660F5B1EFA7B8500D75D1E /* YGLoginField.m in Sources */,
				A4BA32851EF9F944005C93FC /* YGRecommendItem.m in Sources */,
				A4C42A511EF906BA00D2C2A5 /* YGNavigationController.m in Sources */,
				A4660F391EFA152200D75D1E /* UIImageView+round.m in Sources */,
				A4DFFEB31EFBBEC100E85C67 /* FileTools.m in Sources */,
				A41F25621EF959DE002145F8 /* YGNetManager.m in Sources */,
				A4C42A1B1EF8E2C200D2C2A5 /* YGEssenceViewController.m in Sources */,
				A4C42A181EF8E07100D2C2A5 /* TMCommonTabBarController.m in Sources */,
				A4660F361EFA10AE00D75D1E /* UIImage+Round.m in Sources */,
				A4C42A331EF8EB6C00D2C2A5 /* NSObject+Parse.m in Sources */,
				A45097611EF954A400AB6503 /* YGADItem.m in Sources */,
				A4660F4E1EFA4BBA00D75D1E /* YGLoginRegisterMiddleView.m in Sources */,
				A43A29791EF8DE26002206A6 /* main.m in Sources */,
				A4C42A1E1EF8E2DE00D2C2A5 /* YGFriendTrendViewController.m in Sources */,
				A4660F531EFA603600D75D1E /* YGThirdBoardLoginView.m in Sources */,
				A4C42A4E1EF9013D00D2C2A5 /* UIBarButtonItem+item.m in Sources */,
				A4C42A341EF8EB6C00D2C2A5 /* NSString+YG.m in Sources */,
				A4BA327F1EF9F53F005C93FC /* YGRecommendViewController.m in Sources */,
				A4C42A151EF8E07100D2C2A5 /* TMBaseTabBar.m in Sources */,
				A4C42A281EF8E32E00D2C2A5 /* YGNewViewController.m in Sources */,
				A4AA61BC1EFB694D00DD3687 /* YGSquareItem.m in Sources */,
				A4660F3B1EFA23D700D75D1E /* CFunctionImplement.m in Sources */,
				A43BC0351EFB41F9002A8F96 /* UITextField+placeholder.m in Sources */,
				A4660F451EFA35A500D75D1E /* YGLoginViewController.m in Sources */,
				A43A29761EF8DE26002206A6 /* AppDelegate.m in Sources */,
				A4C42A581EF90D2400D2C2A5 /* YGSettingViewController.m in Sources */,
				A4C42A161EF8E07100D2C2A5 /* TMBaseTabBarController.m in Sources */,
				A4660F321EFA08A500D75D1E /* YGRecommendCell.m in Sources */,
				A4C42A351EF8EB6C00D2C2A5 /* UIScrollView+Refresh.m in Sources */,
			);
			runOnlyForDeploymentPostprocessing = 0;
		};
/* End PBXSourcesBuildPhase section */

/* Begin PBXVariantGroup section */
		A439632F1EF353D400C9903E /* Main.storyboard */ = {
			isa = PBXVariantGroup;
			children = (
				A43963301EF353D400C9903E /* Base */,
			);
			name = Main.storyboard;
			sourceTree = "<group>";
		};
		A43963341EF353D400C9903E /* LaunchScreen.storyboard */ = {
			isa = PBXVariantGroup;
			children = (
				A43963351EF353D400C9903E /* Base */,
			);
			name = LaunchScreen.storyboard;
			sourceTree = "<group>";
		};
/* End PBXVariantGroup section */

/* Begin XCBuildConfiguration section */
		A43963381EF353D400C9903E /* Debug */ = {
			isa = XCBuildConfiguration;
			buildSettings = {
				ALWAYS_SEARCH_USER_PATHS = NO;
				CLANG_ANALYZER_NONNULL = YES;
				CLANG_ANALYZER_NUMBER_OBJECT_CONVERSION = YES_AGGRESSIVE;
				CLANG_CXX_LANGUAGE_STANDARD = "gnu++0x";
				CLANG_CXX_LIBRARY = "libc++";
				CLANG_ENABLE_MODULES = YES;
				CLANG_ENABLE_OBJC_ARC = YES;
				CLANG_WARN_BOOL_CONVERSION = YES;
				CLANG_WARN_CONSTANT_CONVERSION = YES;
				CLANG_WARN_DIRECT_OBJC_ISA_USAGE = YES_ERROR;
				CLANG_WARN_DOCUMENTATION_COMMENTS = YES;
				CLANG_WARN_EMPTY_BODY = YES;
				CLANG_WARN_ENUM_CONVERSION = YES;
				CLANG_WARN_INFINITE_RECURSION = YES;
				CLANG_WARN_INT_CONVERSION = YES;
				CLANG_WARN_OBJC_ROOT_CLASS = YES_ERROR;
				CLANG_WARN_SUSPICIOUS_MOVE = YES;
				CLANG_WARN_UNREACHABLE_CODE = YES;
				CLANG_WARN__DUPLICATE_METHOD_MATCH = YES;
				"CODE_SIGN_IDENTITY[sdk=iphoneos*]" = "iPhone Developer";
				COPY_PHASE_STRIP = NO;
				DEBUG_INFORMATION_FORMAT = dwarf;
				ENABLE_STRICT_OBJC_MSGSEND = YES;
				ENABLE_TESTABILITY = YES;
				GCC_C_LANGUAGE_STANDARD = gnu99;
				GCC_DYNAMIC_NO_PIC = NO;
				GCC_NO_COMMON_BLOCKS = YES;
				GCC_OPTIMIZATION_LEVEL = 0;
				GCC_PREPROCESSOR_DEFINITIONS = (
					"DEBUG=1",
					"$(inherited)",
				);
				GCC_WARN_64_TO_32_BIT_CONVERSION = YES;
				GCC_WARN_ABOUT_RETURN_TYPE = YES_ERROR;
				GCC_WARN_UNDECLARED_SELECTOR = YES;
				GCC_WARN_UNINITIALIZED_AUTOS = YES_AGGRESSIVE;
				GCC_WARN_UNUSED_FUNCTION = YES;
				GCC_WARN_UNUSED_VARIABLE = YES;
				IPHONEOS_DEPLOYMENT_TARGET = 8.0;
				MTL_ENABLE_DEBUG_INFO = YES;
				ONLY_ACTIVE_ARCH = YES;
				SDKROOT = iphoneos;
			};
			name = Debug;
		};
		A43963391EF353D400C9903E /* Release */ = {
			isa = XCBuildConfiguration;
			buildSettings = {
				ALWAYS_SEARCH_USER_PATHS = NO;
				CLANG_ANALYZER_NONNULL = YES;
				CLANG_ANALYZER_NUMBER_OBJECT_CONVERSION = YES_AGGRESSIVE;
				CLANG_CXX_LANGUAGE_STANDARD = "gnu++0x";
				CLANG_CXX_LIBRARY = "libc++";
				CLANG_ENABLE_MODULES = YES;
				CLANG_ENABLE_OBJC_ARC = YES;
				CLANG_WARN_BOOL_CONVERSION = YES;
				CLANG_WARN_CONSTANT_CONVERSION = YES;
				CLANG_WARN_DIRECT_OBJC_ISA_USAGE = YES_ERROR;
				CLANG_WARN_DOCUMENTATION_COMMENTS = YES;
				CLANG_WARN_EMPTY_BODY = YES;
				CLANG_WARN_ENUM_CONVERSION = YES;
				CLANG_WARN_INFINITE_RECURSION = YES;
				CLANG_WARN_INT_CONVERSION = YES;
				CLANG_WARN_OBJC_ROOT_CLASS = YES_ERROR;
				CLANG_WARN_SUSPICIOUS_MOVE = YES;
				CLANG_WARN_UNREACHABLE_CODE = YES;
				CLANG_WARN__DUPLICATE_METHOD_MATCH = YES;
				"CODE_SIGN_IDENTITY[sdk=iphoneos*]" = "iPhone Developer";
				COPY_PHASE_STRIP = NO;
				DEBUG_INFORMATION_FORMAT = "dwarf-with-dsym";
				ENABLE_NS_ASSERTIONS = NO;
				ENABLE_STRICT_OBJC_MSGSEND = YES;
				GCC_C_LANGUAGE_STANDARD = gnu99;
				GCC_NO_COMMON_BLOCKS = YES;
				GCC_WARN_64_TO_32_BIT_CONVERSION = YES;
				GCC_WARN_ABOUT_RETURN_TYPE = YES_ERROR;
				GCC_WARN_UNDECLARED_SELECTOR = YES;
				GCC_WARN_UNINITIALIZED_AUTOS = YES_AGGRESSIVE;
				GCC_WARN_UNUSED_FUNCTION = YES;
				GCC_WARN_UNUSED_VARIABLE = YES;
				IPHONEOS_DEPLOYMENT_TARGET = 8.0;
				MTL_ENABLE_DEBUG_INFO = NO;
				SDKROOT = iphoneos;
				VALIDATE_PRODUCT = YES;
			};
			name = Release;
		};
		A439633B1EF353D400C9903E /* Debug */ = {
			isa = XCBuildConfiguration;
			baseConfigurationReference = 02B0D120D1C06683EAD9D8D8 /* Pods-BaiSiBuDeJie.debug.xcconfig */;
			buildSettings = {
				ASSETCATALOG_COMPILER_APPICON_NAME = AppIcon;
				ASSETCATALOG_COMPILER_LAUNCHIMAGE_NAME = LaunchImage;
				DEVELOPMENT_TEAM = AY38N8FYFG;
				GCC_PREFIX_HEADER = $PRODUCT_NAME/PrefixHeader.pch;
				INFOPLIST_FILE = BaiSiBuDeJie/Info.plist;
				IPHONEOS_DEPLOYMENT_TARGET = 8.0;
				LD_RUNPATH_SEARCH_PATHS = "$(inherited) @executable_path/Frameworks";
				PRODUCT_BUNDLE_IDENTIFIER = com.YG.BaiSiBuDeJie;
				PRODUCT_NAME = "$(TARGET_NAME)";
			};
			name = Debug;
		};
		A439633C1EF353D400C9903E /* Release */ = {
			isa = XCBuildConfiguration;
			baseConfigurationReference = EACFFD5D0983116D47B30489 /* Pods-BaiSiBuDeJie.release.xcconfig */;
			buildSettings = {
				ASSETCATALOG_COMPILER_APPICON_NAME = AppIcon;
				ASSETCATALOG_COMPILER_LAUNCHIMAGE_NAME = LaunchImage;
				DEVELOPMENT_TEAM = AY38N8FYFG;
				GCC_PREFIX_HEADER = $PRODUCT_NAME/PrefixHeader.pch;
				INFOPLIST_FILE = BaiSiBuDeJie/Info.plist;
				IPHONEOS_DEPLOYMENT_TARGET = 8.0;
				LD_RUNPATH_SEARCH_PATHS = "$(inherited) @executable_path/Frameworks";
				PRODUCT_BUNDLE_IDENTIFIER = com.YG.BaiSiBuDeJie;
				PRODUCT_NAME = "$(TARGET_NAME)";
			};
			name = Release;
		};
/* End XCBuildConfiguration section */

/* Begin XCConfigurationList section */
		A439631E1EF353D400C9903E /* Build configuration list for PBXProject "BaiSiBuDeJie" */ = {
			isa = XCConfigurationList;
			buildConfigurations = (
				A43963381EF353D400C9903E /* Debug */,
				A43963391EF353D400C9903E /* Release */,
			);
			defaultConfigurationIsVisible = 0;
			defaultConfigurationName = Release;
		};
		A439633A1EF353D400C9903E /* Build configuration list for PBXNativeTarget "BaiSiBuDeJie" */ = {
			isa = XCConfigurationList;
			buildConfigurations = (
				A439633B1EF353D400C9903E /* Debug */,
				A439633C1EF353D400C9903E /* Release */,
			);
			defaultConfigurationIsVisible = 0;
			defaultConfigurationName = Release;
		};
/* End XCConfigurationList section */
	};
	rootObject = A439631B1EF353D400C9903E /* Project object */;
}
